
Microsoft Visual Studio Solution File, Format Version 12.00
# Visual Studio Version 16
VisualStudioVersion = 16.0.31613.86
MinimumVisualStudioVersion = 10.0.40219.1
Project("{FAE04EC0-301F-11D3-BF4B-00C04F79EFBC}") = "ConsultarCEPs", "ConsultarCEPs\ConsultarCEPs.csproj", "{79C73CF7-26EA-4041-8EA2-9228E088F7EA}"
EndProject
Global
	GlobalSection(SolutionConfigurationPlatforms) = preSolution
		Debug|Any CPU = Debug|Any CPU
		Release|Any CPU = Release|Any CPU
	EndGlobalSection
	GlobalSection(ProjectConfigurationPlatforms) = postSolution
		{79C73CF7-26EA-4041-8EA2-9228E088F7EA}.Debug|Any CPU.ActiveCfg = Debug|Any CPU
		{79C73CF7-26EA-4041-8EA2-9228E088F7EA}.Debug|Any CPU.Build.0 = Debug|Any CPU
		{79C73CF7-26EA-4041-8EA2-9228E088F7EA}.Release|Any CPU.ActiveCfg = Release|Any CPU
		{79C73CF7-26EA-4041-8EA2-9228E088F7EA}.Release|Any CPU.Build.0 = Release|Any CPU
	EndGlobalSection
	GlobalSection(SolutionProperties) = preSolution
		HideSolutionNode = FALSE
	EndGlobalSection
	GlobalSection(ExtensibilityGlobals) = postSolution
		SolutionGuid = {200446DA-86C9-4848-BFF6-CFC55E5DB3FC}
	EndGlobalSection
EndGlobal
